
Microsoft Visual Studio Solution File, Format Version 12.00
# Visual Studio 15
VisualStudioVersion = 15.0.28307.2092
MinimumVisualStudioVersion = 10.0.40219.1
Project("{FAE04EC0-301F-11D3-BF4B-00C04F79EFBC}") = "Pacman", "Pacman\Pacman.csproj", "{90730AB0-8F72-430B-B171-48D38EB8CC18}"
EndProject
Global
	GlobalSection(SolutionConfigurationPlatforms) = preSolution
		Debug|Any CPU = Debug|Any CPU
		Release|Any CPU = Release|Any CPU
	EndGlobalSection
	GlobalSection(ProjectConfigurationPlatforms) = postSolution
		{90730AB0-8F72-430B-B171-48D38EB8CC18}.Debug|Any CPU.ActiveCfg = Debug|Any CPU
		{90730AB0-8F72-430B-B171-48D38EB8CC18}.Debug|Any CPU.Build.0 = Debug|Any CPU
		{90730AB0-8F72-430B-B171-48D38EB8CC18}.Release|Any CPU.ActiveCfg = Release|Any CPU
		{90730AB0-8F72-430B-B171-48D38EB8CC18}.Release|Any CPU.Build.0 = Release|Any CPU
	EndGlobalSection
	GlobalSection(SolutionProperties) = preSolution
		HideSolutionNode = FALSE
	EndGlobalSection
	GlobalSection(ExtensibilityGlobals) = postSolution
		SolutionGuid = {4C4A001B-FF42-444A-B304-2C7E9D7D1749}
	EndGlobalSection
EndGlobal
